{
    "_readme": [
        "This file locks the dependencies of your project to a known state",
        "Read more about it at http://getcomposer.org/doc/01-basic-usage.md#composer-lock-the-lock-file",
        "This file is @generated automatically"
    ],
    "hash": "6bd43cbb8f3895be8f9d3ca20030c5d5",
    "packages": [
        {
            "name": "aptoma/twig-markdown",
            "version": "1.0.0",
            "source": {
                "type": "git",
                "url": "https://github.com/aptoma/twig-markdown.git",
                "reference": "088abf151a227efb5461a14481d0e07c55612914"
            },
            "dist": {
                "type": "zip",
                "url": "https://api.github.com/repos/aptoma/twig-markdown/zipball/088abf151a227efb5461a14481d0e07c55612914",
                "reference": "088abf151a227efb5461a14481d0e07c55612914",
                "shasum": ""
            },
            "require": {
                "twig/twig": "~1"
            },
            "require-dev": {
                "michelf/php-markdown": "~1",
                "phpunit/phpunit": "~4.0",
                "satooshi/php-coveralls": "~0.6"
            },
            "suggest": {
                "michelf/php-markdown": "Original Markdown engine with MarkdownExtra."
            },
            "type": "library",
            "autoload": {
                "psr-0": {
                    "Aptoma": "src/"
                }
            },
            "notification-url": "https://packagist.org/downloads/",
            "license": [
                "MIT"
            ],
            "authors": [
                {
                    "name": "Joris Berthelot",
                    "email": "joris@berthelot.tel"
                },
                {
                    "name": "Gunnar Lium",
                    "email": "gunnar@aptoma.com"
                }
            ],
            "description": "Twig extension to work with Markdown content",
            "keywords": [
                "markdown",
                "twig"
            ],
            "time": "2014-07-24 14:19:42"
        },
        {
            "name": "components/handlebars.js",
            "version": "v2.0.0",
            "source": {
                "type": "git",
                "url": "https://github.com/components/handlebars.js.git",
                "reference": "c885aa829542dc739b53ffc8e9372856a3d8c86d"
            },
            "dist": {
                "type": "zip",
                "url": "https://api.github.com/repos/components/handlebars.js/zipball/c885aa829542dc739b53ffc8e9372856a3d8c86d",
                "reference": "c885aa829542dc739b53ffc8e9372856a3d8c86d",
                "shasum": ""
            },
            "require": {
                "robloach/component-installer": "*"
            },
            "type": "component",
            "extra": {
                "component": {
                    "name": "handlebars",
                    "scripts": [
                        "handlebars.js"
                    ],
                    "files": [
                        "handlebars.runtime.js"
                    ],
                    "shim": {
                        "exports": "Handlebars"
                    }
                }
            },
            "notification-url": "https://packagist.org/downloads/",
            "license": [
                "MIT"
            ],
            "authors": [
                {
                    "name": "Chris Wanstrath",
                    "homepage": "http://chriswanstrath.com"
                }
            ],
            "description": "Handlebars.js and Mustache are both logicless templating languages that keep the view and the code separated like we all know they should be.",
            "homepage": "http://handlebarsjs.com",
            "keywords": [
                "handlebars",
                "html",
                "mustache"
            ],
            "time": "2014-09-02 02:32:24"
        },
        {
            "name": "kriswallsmith/assetic",
            "version": "v1.2.0",
            "source": {
                "type": "git",
                "url": "https://github.com/kriswallsmith/assetic.git",
                "reference": "df991c124a2212371443b586a1be767500036dee"
            },
            "dist": {
                "type": "zip",
                "url": "https://api.github.com/repos/kriswallsmith/assetic/zipball/df991c124a2212371443b586a1be767500036dee",
                "reference": "df991c124a2212371443b586a1be767500036dee",
                "shasum": ""
            },
            "require": {
                "php": ">=5.3.1",
                "symfony/process": "~2.1"
            },
            "require-dev": {
                "cssmin/cssmin": "*",
                "joliclic/javascript-packer": "*",
                "kamicane/packager": "*",
                "leafo/lessphp": "*",
                "leafo/scssphp": "*",
                "leafo/scssphp-compass": "*",
                "mrclay/minify": "*",
                "patchwork/jsqueeze": "~1.0",
                "phpunit/phpunit": "~4",
                "psr/log": "~1.0",
                "ptachoire/cssembed": "*",
                "twig/twig": "~1.6"
            },
            "suggest": {
                "leafo/lessphp": "Assetic provides the integration with the lessphp LESS compiler",
                "leafo/scssphp": "Assetic provides the integration with the scssphp SCSS compiler",
                "leafo/scssphp-compass": "Assetic provides the integration with the SCSS compass plugin",
                "patchwork/jsqueeze": "Assetic provides the integration with the JSqueeze JavaScript compressor",
                "ptachoire/cssembed": "Assetic provides the integration with phpcssembed to embed data uris",
                "twig/twig": "Assetic provides the integration with the Twig templating engine"
            },
            "type": "library",
            "extra": {
                "branch-alias": {
                    "dev-master": "1.2-dev"
                }
            },
            "autoload": {
                "psr-0": {
                    "Assetic": "src/"
                },
                "files": [
                    "src/functions.php"
                ]
            },
            "notification-url": "https://packagist.org/downloads/",
            "license": [
                "MIT"
            ],
            "authors": [
                {
                    "name": "Kris Wallsmith",
                    "email": "kris.wallsmith@gmail.com",
                    "homepage": "http://kriswallsmith.net/"
                }
            ],
            "description": "Asset Management for PHP",
            "homepage": "https://github.com/kriswallsmith/assetic",
            "keywords": [
                "assets",
                "compression",
                "minification"
            ],
            "time": "2014-10-14 14:45:32"
        },
        {
            "name": "michelf/php-markdown",
            "version": "1.4.1",
            "source": {
                "type": "git",
                "url": "https://github.com/michelf/php-markdown.git",
                "reference": "de9a19c7bf352d41cc99ed86c3c0ef17e87394b6"
            },
            "dist": {
                "type": "zip",
                "url": "https://api.github.com/repos/michelf/php-markdown/zipball/de9a19c7bf352d41cc99ed86c3c0ef17e87394b6",
                "reference": "de9a19c7bf352d41cc99ed86c3c0ef17e87394b6",
                "shasum": ""
            },
            "require": {
                "php": ">=5.3.0"
            },
            "type": "library",
            "extra": {
                "branch-alias": {
                    "dev-lib": "1.4.x-dev"
                }
            },
            "autoload": {
                "psr-0": {
                    "Michelf": ""
                }
            },
            "notification-url": "https://packagist.org/downloads/",
            "license": [
                "BSD-3-Clause"
            ],
            "authors": [
                {
                    "name": "Michel Fortin",
                    "email": "michel.fortin@michelf.ca",
                    "homepage": "http://michelf.ca/",
                    "role": "Developer"
                },
                {
                    "name": "John Gruber",
                    "homepage": "http://daringfireball.net/"
                }
            ],
            "description": "PHP Markdown",
            "homepage": "http://michelf.ca/projects/php-markdown/",
            "keywords": [
                "markdown"
            ],
            "time": "2014-05-05 02:43:50"
        },
        {
            "name": "nnnick/chartjs",
            "version": "dev-master",
            "source": {
                "type": "git",
                "url": "https://github.com/pilotftzi/Chart.js.git",
                "reference": "32a0706c4d0011cc7d9770ad90db078f6582940f"
            },
            "dist": {
                "type": "zip",
                "url": "https://api.github.com/repos/pilotftzi/Chart.js/zipball/32a0706c4d0011cc7d9770ad90db078f6582940f",
                "reference": "32a0706c4d0011cc7d9770ad90db078f6582940f",
                "shasum": ""
            },
            "require": {
                "php": ">=5.3.3"
            },
            "type": "library",
            "extra": {
                "branch-alias": {
                    "dev-master": "1.0.1-dev"
                }
            },
            "notification-url": "https://packagist.org/downloads/",
            "license": [
                "MIT"
            ],
            "authors": [
                {
                    "name": "NICK DOWNIE",
                    "email": "hello@nickdownie.com"
                }
            ],
            "description": "Simple HTML5 charts using the canvas element.",
            "homepage": "http://www.chartjs.org/",
            "keywords": [
                "JS",
                "chart"
            ],
            "time": "2014-08-15 11:21:12"
        },
        {
            "name": "oyejorge/less.php",
            "version": "v1.7.0.2",
            "source": {
                "type": "git",
                "url": "https://github.com/oyejorge/less.php.git",
                "reference": "82372b389386ae1edab55495eae4b400cca3c86c"
            },
            "dist": {
                "type": "zip",
                "url": "https://api.github.com/repos/oyejorge/less.php/zipball/82372b389386ae1edab55495eae4b400cca3c86c",
                "reference": "82372b389386ae1edab55495eae4b400cca3c86c",
                "shasum": ""
            },
            "require": {
                "php": ">=5.2"
            },
            "bin": [
                "bin/lessc"
            ],
            "type": "library",
            "autoload": {
                "psr-0": {
                    "Less": "lib/"
                },
                "classmap": [
                    "lessc.inc.php"
                ]
            },
            "notification-url": "https://packagist.org/downloads/",
            "license": [
                "Apache-2.0"
            ],
            "authors": [
                {
                    "name": "Matt Agar",
                    "homepage": "https://github.com/agar"
                },
                {
                    "name": "Martin Jantošovič",
                    "homepage": "https://github.com/Mordred"
                },
                {
                    "name": "Josh Schmidt",
                    "homepage": "https://github.com/oyejorge"
                }
            ],
            "description": "PHP port of the Javascript version of LESS http://lesscss.org",
            "homepage": "http://lessphp.gpeasy.com",
            "keywords": [
                "css",
                "less",
                "less.js",
                "lesscss",
                "php",
                "stylesheet"
            ],
            "time": "2014-06-05 16:09:50"
        },
        {
            "name": "robloach/component-installer",
            "version": "0.0.12",
            "source": {
                "type": "git",
                "url": "https://github.com/RobLoach/component-installer.git",
                "reference": "1864f25db21fc173e02a359f646acd596c1b0460"
            },
            "dist": {
                "type": "zip",
                "url": "https://api.github.com/repos/RobLoach/component-installer/zipball/1864f25db21fc173e02a359f646acd596c1b0460",
                "reference": "1864f25db21fc173e02a359f646acd596c1b0460",
                "shasum": ""
            },
            "require": {
                "kriswallsmith/assetic": "1.*",
                "php": ">=5.3.2"
            },
            "require-dev": {
                "composer/composer": "1.*"
            },
            "type": "composer-installer",
            "extra": {
                "class": "ComponentInstaller\\Installer"
            },
            "autoload": {
                "psr-0": {
                    "ComponentInstaller": "src/"
                }
            },
            "notification-url": "https://packagist.org/downloads/",
            "license": [
                "MIT"
            ],
            "authors": [
                {
                    "name": "Rob Loach",
                    "email": "robloach@gmail.com",
                    "homepage": "http://robloach.net"
                }
            ],
            "description": "Allows installation of Components via Composer.",
            "time": "2013-08-31 23:46:48"
        },
        {
            "name": "slim/slim",
            "version": "2.4.3",
            "source": {
                "type": "git",
                "url": "https://github.com/codeguy/Slim.git",
                "reference": "4906b77a07c7bd6ff1a99aea903e940a2d4fa106"
            },
            "dist": {
                "type": "zip",
                "url": "https://api.github.com/repos/codeguy/Slim/zipball/4906b77a07c7bd6ff1a99aea903e940a2d4fa106",
                "reference": "4906b77a07c7bd6ff1a99aea903e940a2d4fa106",
                "shasum": ""
            },
            "require": {
                "php": ">=5.3.0"
            },
            "suggest": {
                "ext-mcrypt": "Required for HTTP cookie encryption"
            },
            "type": "library",
            "autoload": {
                "psr-0": {
                    "Slim": "."
                }
            },
            "notification-url": "https://packagist.org/downloads/",
            "license": [
                "MIT"
            ],
            "authors": [
                {
                    "name": "Josh Lockhart",
                    "email": "info@joshlockhart.com",
                    "homepage": "http://www.joshlockhart.com/"
                }
            ],
            "description": "Slim Framework, a PHP micro framework",
            "homepage": "http://github.com/codeguy/Slim",
            "keywords": [
                "microframework",
                "rest",
                "router"
            ],
            "time": "2014-04-05 18:33:59"
        },
        {
            "name": "slim/views",
            "version": "0.1.2",
            "target-dir": "Slim/Views",
            "source": {
                "type": "git",
                "url": "https://github.com/codeguy/Slim-Views.git",
                "reference": "f0a05ea0b654218e40de692ed7cddcad1cf4b828"
            },
            "dist": {
                "type": "zip",
                "url": "https://api.github.com/repos/codeguy/Slim-Views/zipball/f0a05ea0b654218e40de692ed7cddcad1cf4b828",
                "reference": "f0a05ea0b654218e40de692ed7cddcad1cf4b828",
                "shasum": ""
            },
            "require": {
                "php": ">=5.3.0",
                "slim/slim": ">=2.4.0"
            },
            "suggest": {
                "smarty/smarty": "Smarty templating system",
                "twig/twig": "Twig templating system"
            },
            "type": "library",
            "autoload": {
                "psr-0": {
                    "Slim\\Views": ""
                }
            },
            "notification-url": "https://packagist.org/downloads/",
            "license": [
                "MIT"
            ],
            "authors": [
                {
                    "name": "Andrew Smith",
                    "email": "a.smith@silentworks.co.uk",
                    "homepage": "http://www.silentworks.co.uk/"
                },
                {
                    "name": "Josh Lockhart",
                    "email": "info@joshlockhart.com",
                    "homepage": "http://www.joshlockhart.com/"
                }
            ],
            "description": "Smarty and Twig View Parser package for the Slim Framework",
            "homepage": "http://github.com/codeguy/Slim-Views",
            "keywords": [
                "extensions",
                "slimphp",
                "templating"
            ],
            "time": "2014-04-03 16:31:10"
        },
        {
            "name": "symfony/process",
            "version": "v2.5.6",
            "target-dir": "Symfony/Component/Process",
            "source": {
                "type": "git",
                "url": "https://github.com/symfony/Process.git",
                "reference": "9bbacbb3a7a27b17c0d51e2f126f59e0e588ad3a"
            },
            "dist": {
                "type": "zip",
                "url": "https://api.github.com/repos/symfony/Process/zipball/9bbacbb3a7a27b17c0d51e2f126f59e0e588ad3a",
                "reference": "9bbacbb3a7a27b17c0d51e2f126f59e0e588ad3a",
                "shasum": ""
            },
            "require": {
                "php": ">=5.3.3"
            },
            "type": "library",
            "extra": {
                "branch-alias": {
                    "dev-master": "2.5-dev"
                }
            },
            "autoload": {
                "psr-0": {
                    "Symfony\\Component\\Process\\": ""
                }
            },
            "notification-url": "https://packagist.org/downloads/",
            "license": [
                "MIT"
            ],
            "authors": [
                {
                    "name": "Symfony Community",
                    "homepage": "http://symfony.com/contributors"
                },
                {
                    "name": "Fabien Potencier",
                    "email": "fabien@symfony.com"
                }
            ],
            "description": "Symfony Process Component",
            "homepage": "http://symfony.com",
            "time": "2014-10-01 05:50:18"
        },
        {
            "name": "twbs/bootstrap",
            "version": "v3.2.0",
            "source": {
                "type": "git",
                "url": "https://github.com/twbs/bootstrap.git",
                "reference": "c068162161154a4b85110ea1e7dd3d7897ce2b72"
            },
            "dist": {
                "type": "zip",
                "url": "https://api.github.com/repos/twbs/bootstrap/zipball/c068162161154a4b85110ea1e7dd3d7897ce2b72",
                "reference": "c068162161154a4b85110ea1e7dd3d7897ce2b72",
                "shasum": ""
            },
            "replace": {
                "twitter/bootstrap": "self.version"
            },
            "type": "library",
            "extra": {
                "branch-alias": {
                    "dev-master": "3.2.x-dev"
                }
            },
            "notification-url": "https://packagist.org/downloads/",
            "license": [
                "MIT"
            ],
            "authors": [
                {
                    "name": "Jacob Thornton",
                    "email": "jacobthornton@gmail.com"
                },
                {
                    "name": "Mark Otto",
                    "email": "markdotto@gmail.com"
                }
            ],
            "description": "The most popular front-end framework for developing responsive, mobile first projects on the web.",
            "homepage": "http://getbootstrap.com",
            "keywords": [
                "JS",
                "css",
                "framework",
                "front-end",
                "less",
                "mobile-first",
                "responsive",
                "web"
            ],
            "time": "2014-06-26 16:36:48"
        },
        {
            "name": "twig/twig",
            "version": "v1.16.2",
            "source": {
                "type": "git",
                "url": "https://github.com/fabpot/Twig.git",
                "reference": "42f758d9fe2146d1f0470604fc05ee43580873fc"
            },
            "dist": {
                "type": "zip",
                "url": "https://api.github.com/repos/fabpot/Twig/zipball/42f758d9fe2146d1f0470604fc05ee43580873fc",
                "reference": "42f758d9fe2146d1f0470604fc05ee43580873fc",
                "shasum": ""
            },
            "require": {
                "php": ">=5.2.4"
            },
            "type": "library",
            "extra": {
                "branch-alias": {
                    "dev-master": "1.16-dev"
                }
            },
            "autoload": {
                "psr-0": {
                    "Twig_": "lib/"
                }
            },
            "notification-url": "https://packagist.org/downloads/",
            "license": [
                "BSD-3-Clause"
            ],
            "authors": [
                {
                    "name": "Fabien Potencier",
                    "email": "fabien@symfony.com",
                    "homepage": "http://fabien.potencier.org",
                    "role": "Lead Developer"
                },
                {
                    "name": "Armin Ronacher",
                    "email": "armin.ronacher@active-4.com",
                    "role": "Project Founder"
                },
                {
                    "name": "Twig Team",
                    "homepage": "https://github.com/fabpot/Twig/graphs/contributors",
                    "role": "Contributors"
                }
            ],
            "description": "Twig, the flexible, fast, and secure template language for PHP",
            "homepage": "http://twig.sensiolabs.org",
            "keywords": [
                "templating"
            ],
            "time": "2014-10-17 12:53:44"
        },
        {
            "name": "twitter/typeahead.js",
            "version": "v0.10.5",
            "source": {
                "type": "git",
                "url": "https://github.com/twitter/typeahead.js.git",
                "reference": "5f198b87d1af845da502ea9df93a5e84801ce742"
            },
            "dist": {
                "type": "zip",
                "url": "https://api.github.com/repos/twitter/typeahead.js/zipball/5f198b87d1af845da502ea9df93a5e84801ce742",
                "reference": "5f198b87d1af845da502ea9df93a5e84801ce742",
                "shasum": ""
            },
            "type": "library",
            "notification-url": "https://packagist.org/downloads/",
            "license": [
                "MIT"
            ],
            "authors": [
                {
                    "name": "Twitter Inc.",
                    "homepage": "https://twitter.com/twitteross"
                }
            ],
            "description": "fast and fully-featured autocomplete library",
            "homepage": "http://twitter.github.com/typeahead.js",
            "keywords": [
                "autocomplete",
                "typeahead"
            ],
            "time": "2014-08-08 06:18:07"
        }
    ],
    "packages-dev": [],
    "aliases": [],
    "minimum-stability": "stable",
    "stability-flags": {
        "nnnick/chartjs": 20
    },
    "prefer-stable": false,
    "platform": [],
    "platform-dev": []
}
